
Microsoft Visual Studio Solution File, Format Version 12.00
# Visual Studio Version 16
VisualStudioVersion = 16.0.31005.135
MinimumVisualStudioVersion = 10.0.40219.1
Project("{FAE04EC0-301F-11D3-BF4B-00C04F79EFBC}") = "bsddHackathon", "bsddHackathon\bsddHackathon.csproj", "{8CD2BCDA-10E7-4E3E-9D27-7DDB2E262B2B}"
EndProject
Global
	GlobalSection(SolutionConfigurationPlatforms) = preSolution
		Debug|Any CPU = Debug|Any CPU
		Release|Any CPU = Release|Any CPU
	EndGlobalSection
	GlobalSection(ProjectConfigurationPlatforms) = postSolution
		{8CD2BCDA-10E7-4E3E-9D27-7DDB2E262B2B}.Debug|Any CPU.ActiveCfg = Debug|Any CPU
		{8CD2BCDA-10E7-4E3E-9D27-7DDB2E262B2B}.Debug|Any CPU.Build.0 = Debug|Any CPU
		{8CD2BCDA-10E7-4E3E-9D27-7DDB2E262B2B}.Release|Any CPU.ActiveCfg = Release|Any CPU
		{8CD2BCDA-10E7-4E3E-9D27-7DDB2E262B2B}.Release|Any CPU.Build.0 = Release|Any CPU
	EndGlobalSection
	GlobalSection(SolutionProperties) = preSolution
		HideSolutionNode = FALSE
	EndGlobalSection
	GlobalSection(ExtensibilityGlobals) = postSolution
		SolutionGuid = {0DDF8776-7B5C-4A6F-AB69-8B3E8AD3E41C}
	EndGlobalSection
EndGlobal
